
Microsoft Visual Studio Solution File, Format Version 12.00
# Visual Studio Version 17
VisualStudioVersion = 17.13.35818.85 d17.13
MinimumVisualStudioVersion = 10.0.40219.1
Project("{FAE04EC0-301F-11D3-BF4B-00C04F79EFBC}") = "IceTask3", "IceTask3.csproj", "{50883303-C381-4034-AD87-26F2E1844334}"
EndProject
Global
	GlobalSection(SolutionConfigurationPlatforms) = preSolution
		Debug|Any CPU = Debug|Any CPU
		Release|Any CPU = Release|Any CPU
	EndGlobalSection
	GlobalSection(ProjectConfigurationPlatforms) = postSolution
		{50883303-C381-4034-AD87-26F2E1844334}.Debug|Any CPU.ActiveCfg = Debug|Any CPU
		{50883303-C381-4034-AD87-26F2E1844334}.Debug|Any CPU.Build.0 = Debug|Any CPU
		{50883303-C381-4034-AD87-26F2E1844334}.Release|Any CPU.ActiveCfg = Release|Any CPU
		{50883303-C381-4034-AD87-26F2E1844334}.Release|Any CPU.Build.0 = Release|Any CPU
	EndGlobalSection
	GlobalSection(SolutionProperties) = preSolution
		HideSolutionNode = FALSE
	EndGlobalSection
	GlobalSection(ExtensibilityGlobals) = postSolution
		SolutionGuid = {1F545F86-448A-47A2-BE13-903EF61D227C}
	EndGlobalSection
EndGlobal
